
Microsoft Visual Studio Solution File, Format Version 12.00
# Visual Studio Version 16
VisualStudioVersion = 16.0.30804.86
MinimumVisualStudioVersion = 10.0.40219.1
Project("{FAE04EC0-301F-11D3-BF4B-00C04F79EFBC}") = "NumberGuesser", "NumberGuesser\NumberGuesser.csproj", "{768BD001-2045-4FA9-86A1-56A09629B0C8}"
EndProject
Global
	GlobalSection(SolutionConfigurationPlatforms) = preSolution
		Debug|Any CPU = Debug|Any CPU
		Release|Any CPU = Release|Any CPU
	EndGlobalSection
	GlobalSection(ProjectConfigurationPlatforms) = postSolution
		{768BD001-2045-4FA9-86A1-56A09629B0C8}.Debug|Any CPU.ActiveCfg = Debug|Any CPU
		{768BD001-2045-4FA9-86A1-56A09629B0C8}.Debug|Any CPU.Build.0 = Debug|Any CPU
		{768BD001-2045-4FA9-86A1-56A09629B0C8}.Release|Any CPU.ActiveCfg = Release|Any CPU
		{768BD001-2045-4FA9-86A1-56A09629B0C8}.Release|Any CPU.Build.0 = Release|Any CPU
	EndGlobalSection
	GlobalSection(SolutionProperties) = preSolution
		HideSolutionNode = FALSE
	EndGlobalSection
	GlobalSection(ExtensibilityGlobals) = postSolution
		SolutionGuid = {19CCCBF7-D2BE-440F-B539-D41F30BB9206}
	EndGlobalSection
EndGlobal
